lockfileVersion: '9.0'

settings:
  autoInstallPeers: true
  excludeLinksFromLockfile: false

importers:

  .:
    devDependencies:
      '@types/node':
        specifier: ^22.10.0
        version: 22.19.19
      prettier:
        specifier: ^3.4.2
        version: 3.8.3
      turbo:
        specifier: ^2.3.3
        version: 2.9.14
      typescript:
        specifier: ^5.7.2
        version: 5.9.3

packages:

  '@turbo/darwin-64@2.9.14':
    resolution: {integrity: sha512-t7QiPflaEyBE4oayeZtSmu4mEfjgIrcNlNNl1z1dmIVPqEdtA7+CfTf8d7KXsOGPh6aNgWjKxyvQg9uGfDQF+A==}
    cpu: [x64]
    os: [darwin]

  '@turbo/darwin-arm64@2.9.14':
    resolution: {integrity: sha512-d23147mC9BsCPA9mJ0h/ubcpbRgcJBXbcG3+Vq7YLhjz3IXuvQsJ1UXH8f4MD76ZjJ4m/E4aRdJV+MW88CDfbw==}
    cpu: [arm64]
    os: [darwin]

  '@turbo/linux-64@2.9.14':
    resolution: {integrity: sha512-P3ZKB5tuUDdDQWuAsACGUR1qv9W7BNWxdxqVJ0kZNuNNPRaVYTPPikLcp79+GiEcW3npsR+KyP38lnQiBc5aSA==}
    cpu: [x64]
    os: [linux]

  '@turbo/linux-arm64@2.9.14':
    resolution: {integrity: sha512-ZRTlzcUMrrPv9ZuDzRF9n60Ym13bKeG9jDB8WjxyLhWNzV+AJQN+zdpIk3NJYf2zQsGUm1mNar2P0elRzLw25g==}
    cpu: [arm64]
    os: [linux]

  '@turbo/windows-64@2.9.14':
    resolution: {integrity: sha512-exanwN6sIduZwykYeiTQj8kCmOhazP5WOz3bvXMcYtjhL6Z3iRWLewKrXCBq0bqwSP3iBMb/AerRCnHI4lx46A==}
    cpu: [x64]
    os: [win32]

  '@turbo/windows-arm64@2.9.14':
    resolution: {integrity: sha512-fVdCsnmYoKICsycbWuuGp6Jvi51/3G/UluFWuAUCvR8PIW5IJkAk5BM9UF8PSm0Q2IphWHFZjYEgjHsh3B9y/g==}
    cpu: [arm64]
    os: [win32]

  '@types/node@22.19.19':
    resolution: {integrity: sha512-dyh/xO2Fh5bYrfWaaqGrRQQGkNdmYw6AmaAUvYeUMNTWQtvb796ikLdmTchRmOlOiIJ1TDXfWgVx1QkUlQ6Hew==}

  prettier@3.8.3:
    resolution: {integrity: sha512-7igPTM53cGHMW8xWuVTydi2KO233VFiTNyF5hLJqpilHfmn8C8gPf+PS7dUT64YcXFbiMGZxS9pCSxL/Dxm/Jw==}
    engines: {node: '>=14'}
    hasBin: true

  turbo@2.9.14:
    resolution: {integrity: sha512-BQqXRr4UoWI3UPFrtznCLykYHxwxWh53iCB57x092jPMjIlW1wnm3N895g5irpiXmnxUhREBB0n6+y8BHhs4nw==}
    hasBin: true

  typescript@5.9.3:
    resolution: {integrity: sha512-jl1vZzPDinLr9eUt3J/t7V6FgNEw9QjvBPdysz9KfQDD41fQrC2Y4vKQdiaUpFT4bXlb1RHhLpp8wtm6M5TgSw==}
    engines: {node: '>=14.17'}
    hasBin: true

  undici-types@6.21.0:
    resolution: {integrity: sha512-iwDZqg0QAGrg9Rav5H4n0M64c3mkR59cJ6wQp+7C4nI0gsmExaedaYLNO44eT4AtBBwjbTiGPMlt2Md0T9H9JQ==}

snapshots:

  '@turbo/darwin-64@2.9.14':
    optional: true

  '@turbo/darwin-arm64@2.9.14':
    optional: true

  '@turbo/linux-64@2.9.14':
    optional: true

  '@turbo/linux-arm64@2.9.14':
    optional: true

  '@turbo/windows-64@2.9.14':
    optional: true

  '@turbo/windows-arm64@2.9.14':
    optional: true

  '@types/node@22.19.19':
    dependencies:
      undici-types: 6.21.0

  prettier@3.8.3: {}

  turbo@2.9.14:
    optionalDependencies:
      '@turbo/darwin-64': 2.9.14
      '@turbo/darwin-arm64': 2.9.14
      '@turbo/linux-64': 2.9.14
      '@turbo/linux-arm64': 2.9.14
      '@turbo/windows-64': 2.9.14
      '@turbo/windows-arm64': 2.9.14

  typescript@5.9.3: {}

  undici-types@6.21.0: {}
